
Microsoft Visual Studio Solution File, Format Version 12.00
# Visual Studio Version 16
VisualStudioVersion = 16.0.29020.237
MinimumVisualStudioVersion = 10.0.40219.1
Project("{8BC9CEB8-8B4A-11D0-8D11-00A0C91BC942}") = "Minesweeper", "mine\mine.vcxproj", "{D8B63F71-5B1A-42B8-B86B-891B390E6DFF}"
EndProject
Global
	GlobalSection(SolutionConfigurationPlatforms) = preSolution
		Debug|Win32 = Debug|Win32
		Debug|x64 = Debug|x64
		Release|Win32 = Release|Win32
		Release|x64 = Release|x64
	EndGlobalSection
	GlobalSection(ProjectConfigurationPlatforms) = postSolution
		{D8B63F71-5B1A-42B8-B86B-891B390E6DFF}.Debug|Win32.ActiveCfg = Debug|Win32
		{D8B63F71-5B1A-42B8-B86B-891B390E6DFF}.Debug|Win32.Build.0 = Debug|Win32
		{D8B63F71-5B1A-42B8-B86B-891B390E6DFF}.Debug|x64.ActiveCfg = Debug|x64
		{D8B63F71-5B1A-42B8-B86B-891B390E6DFF}.Debug|x64.Build.0 = Debug|x64
		{D8B63F71-5B1A-42B8-B86B-891B390E6DFF}.Release|Win32.ActiveCfg = Release|Win32
		{D8B63F71-5B1A-42B8-B86B-891B390E6DFF}.Release|Win32.Build.0 = Release|Win32
		{D8B63F71-5B1A-42B8-B86B-891B390E6DFF}.Release|x64.ActiveCfg = Release|x64
		{D8B63F71-5B1A-42B8-B86B-891B390E6DFF}.Release|x64.Build.0 = Release|x64
	EndGlobalSection
	GlobalSection(SolutionProperties) = preSolution
		HideSolutionNode = FALSE
	EndGlobalSection
	GlobalSection(ExtensibilityGlobals) = postSolution
		SolutionGuid = {052EBBA8-B10E-4D37-AF08-5266FE7DD13E}
	EndGlobalSection
EndGlobal
