
Microsoft Visual Studio Solution File, Format Version 12.00
# Visual Studio Version 16
VisualStudioVersion = 16.0.29020.237
MinimumVisualStudioVersion = 10.0.40219.1
Project("{8BC9CEB8-8B4A-11D0-8D11-00A0C91BC942}") = "tank", "tank\tank.vcxproj", "{E9466546-409B-47B1-9711-E0ED0C15E8CF}"
EndProject
Global
	GlobalSection(SolutionConfigurationPlatforms) = preSolution
		Debug|Win32 = Debug|Win32
		Debug|x64 = Debug|x64
		Release|Win32 = Release|Win32
		Release|x64 = Release|x64
	EndGlobalSection
	GlobalSection(ProjectConfigurationPlatforms) = postSolution
		{E9466546-409B-47B1-9711-E0ED0C15E8CF}.Debug|Win32.ActiveCfg = Debug|Win32
		{E9466546-409B-47B1-9711-E0ED0C15E8CF}.Debug|Win32.Build.0 = Debug|Win32
		{E9466546-409B-47B1-9711-E0ED0C15E8CF}.Debug|x64.ActiveCfg = Debug|x64
		{E9466546-409B-47B1-9711-E0ED0C15E8CF}.Debug|x64.Build.0 = Debug|x64
		{E9466546-409B-47B1-9711-E0ED0C15E8CF}.Release|Win32.ActiveCfg = Release|Win32
		{E9466546-409B-47B1-9711-E0ED0C15E8CF}.Release|Win32.Build.0 = Release|Win32
		{E9466546-409B-47B1-9711-E0ED0C15E8CF}.Release|x64.ActiveCfg = Release|x64
		{E9466546-409B-47B1-9711-E0ED0C15E8CF}.Release|x64.Build.0 = Release|x64
	EndGlobalSection
	GlobalSection(SolutionProperties) = preSolution
		HideSolutionNode = FALSE
	EndGlobalSection
	GlobalSection(ExtensibilityGlobals) = postSolution
		SolutionGuid = {422D0608-A8B4-49A1-95DC-AE7276F15169}
	EndGlobalSection
EndGlobal
